
Microsoft Visual Studio Solution File, Format Version 12.00
Project("{FAE04EC0-301F-11D3-BF4B-00C04F79EFBC}") = "BffApi", "BffApi\BffApi.csproj", "{5E729B7E-6CF0-4FEA-BA1D-207D407FEC82}"
EndProject
Global
	GlobalSection(SolutionConfigurationPlatforms) = preSolution
		Debug|Any CPU = Debug|Any CPU
		Release|Any CPU = Release|Any CPU
	EndGlobalSection
	GlobalSection(ProjectConfigurationPlatforms) = postSolution
		{5E729B7E-6CF0-4FEA-BA1D-207D407FEC82}.Debug|Any CPU.ActiveCfg = Debug|Any CPU
		{5E729B7E-6CF0-4FEA-BA1D-207D407FEC82}.Debug|Any CPU.Build.0 = Debug|Any CPU
		{5E729B7E-6CF0-4FEA-BA1D-207D407FEC82}.Release|Any CPU.ActiveCfg = Release|Any CPU
		{5E729B7E-6CF0-4FEA-BA1D-207D407FEC82}.Release|Any CPU.Build.0 = Release|Any CPU
	EndGlobalSection
EndGlobal
